{
  "name": "scaexample",
  "lockfileVersion": 2,
  "requires": true,
  "packages": {
    "": {
      "dependencies": {
        "lodash": "1.0.0"
      }
    },
    "node_modules/lodash": {
      "version": "1.0.0",
      "resolved": "https://registry.npmjs.org/lodash/-/lodash-1.0.0.tgz",
      "integrity": "sha512-WHDYO0qSDoEe4PJznK52IoMBj2szpaTUnG6iJarwjeW0LymFN46KNDoiOLOt4OS78e1e+A9jQrfbMNxue6l3GQ==",
      "engines": [
        "node",
        "rhino"
      ]
    }
  },
  "dependencies": {
    "lodash": {
      "version": "1.0.0",
      "resolved": "https://registry.npmjs.org/lodash/-/lodash-1.0.0.tgz",
      "integrity": "sha512-WHDYO0qSDoEe4PJznK52IoMBj2szpaTUnG6iJarwjeW0LymFN46KNDoiOLOt4OS78e1e+A9jQrfbMNxue6l3GQ=="
    }
  }
}
